
Microsoft Visual Studio Solution File, Format Version 12.00
# Visual Studio Version 16
VisualStudioVersion = 16.0.31624.102
MinimumVisualStudioVersion = 10.0.40219.1
Project("{8BC9CEB8-8B4A-11D0-8D11-00A0C91BC942}") = "Screenshoter", "Screenshoter\Screenshoter.vcxproj", "{A5013048-9D60-47DD-8B0B-C3ACD312CC3F}"
EndProject
Global
	GlobalSection(SolutionConfigurationPlatforms) = preSolution
		Debug|x64 = Debug|x64
		Debug|x86 = Debug|x86
		Release|x64 = Release|x64
		Release|x86 = Release|x86
	EndGlobalSection
	GlobalSection(ProjectConfigurationPlatforms) = postSolution
		{A5013048-9D60-47DD-8B0B-C3ACD312CC3F}.Debug|x64.ActiveCfg = Debug|x64
		{A5013048-9D60-47DD-8B0B-C3ACD312CC3F}.Debug|x64.Build.0 = Debug|x64
		{A5013048-9D60-47DD-8B0B-C3ACD312CC3F}.Debug|x86.ActiveCfg = Debug|Win32
		{A5013048-9D60-47DD-8B0B-C3ACD312CC3F}.Debug|x86.Build.0 = Debug|Win32
		{A5013048-9D60-47DD-8B0B-C3ACD312CC3F}.Release|x64.ActiveCfg = Release|x64
		{A5013048-9D60-47DD-8B0B-C3ACD312CC3F}.Release|x64.Build.0 = Release|x64
		{A5013048-9D60-47DD-8B0B-C3ACD312CC3F}.Release|x86.ActiveCfg = Release|Win32
		{A5013048-9D60-47DD-8B0B-C3ACD312CC3F}.Release|x86.Build.0 = Release|Win32
	EndGlobalSection
	GlobalSection(SolutionProperties) = preSolution
		HideSolutionNode = FALSE
	EndGlobalSection
	GlobalSection(ExtensibilityGlobals) = postSolution
		SolutionGuid = {21115A16-5611-4C7C-820E-38F862F01161}
	EndGlobalSection
EndGlobal
